github.com/alicebob/gopher-json v0.0.0-20230218143504-906a9b012302 h1:uvdUDbHQHO85qeSydJtItA4T55Pw6BtAejd0APRJOCE=
github.com/alicebob/gopher-json v0.0.0-20230218143504-906a9b012302/go.mod h1:SGnFV6hVsYE877CKEZ6tDNTjaSXYUk6QqoIK6PrAtcc=
github.com/alicebob/miniredis/v2 v2.33.0 h1:uvTF0EDeu9RLnUEG27Db5I68ESoIxTiXbNUiji6lZrA=
github.com/alicebob/miniredis/v2 v2.33.0/go.mod h1:MhP4a3EU7aENRi9aO+tHfTBZicLqQevyi/DJpoj6mi0=
github.com/beorn7/perks v1.0.1 h1:VlbKKnNfV8bJzeqoa4cOKqO6bYr3WgKZxO8Z16+hsOM=
github.com/beorn7/perks v1.0.1/go.mod h1:G2ZrVWU2WbWT9wwq4/hrbKbnv/1ERSJQ0ibhJ6rlkpw=
github.com/bsm/redislock v0.9.4 h1:X/GqznSQBnJyqHfkExKZvKZoD5el9QBX0MxSRDEaRuI=
github.com/bsm/redislock v0.9.4/go.mod h1:OXRGHgAMFCrpQAFkpOPX5nC1ZiGITpFmDv7oFRSBb0U=
github.com/cespare/xxhash/v2 v2.3.0 h1:UL815xU9SqsFlibzuggzjXhog7bL6oX9BbNZnL2UFvs=
github.com/cespare/xxhash/v2 v2.3.0/go.mod h1:VGX0DQ3Q6kWi7AoAeZDth3/j3BFtOZR5XLFGgcrjCOs=
github.com/dgryski/go-rendezvous v0.0.0-20200823014737-9f7001d12a5f h1:lO4WD4F/rVNCu3HqELle0jiPLLBs70cWOduZpkS1E78=
github.com/dgryski/go-rendezvous v0.0.0-20200823014737-9f7001d12a5f/go.mod h1:cuUVRXasLTGF7a8hSLbxyZXjz+1KgoB3wDUb6vlszIc=
github.com/go-chi/chi/v5 v5.0.12 h1:xRpz4B9NxKXLBFd/dgAzEKGfDc1oLiJVm2WLNWC5kM=
github.com/go-chi/chi/v5 v5.0.12/go.mod h1:DslCQbL2OYiznFReuXYUmovuv+y9ceqBCl/721gcJRc=
github.com/google/uuid v1.6.0 h1:NIvaJDMnpisHFBn5QBLJKq0rRnbHERsNjAYRQGAkuSo=
github.com/google/uuid v1.6.0/go.mod h1:TIyPZe4MgqvfeYDBFedMoGGpEw/LqOeaOT+nhxU+yHo=
github.com/mattn/go-colorable v0.1.13 h1:fFA4WZxdEF4tXPZVKMLwD8oUnCTTo08duU7wxecdEvA=
github.com/mattn/go-colorable v0.1.13/go.mod h1:7S9/ev0klgBDR4GtXTXX8a3vIGJpMovkB8vQcUbaXHg=
github.com/mattn/go-isatty v0.0.20 h1:xfD0iDuEKnDkl03q4limB+vH+GxLEtL3/0RAY6BHQV8=
github.com/mattn/go-isatty v0.0.20/go.mod h1:W1f5cjkVDAbRBnkgZMOfhJMJBqBGN2sIWJzSBJQZR6g=
github.com/prometheus/client_golang v1.19.0 h1:ygXvpU1AoN1MhdzckN+PyD9QJOSD4x7kmXYlnfbA6JU=
github.com/prometheus/client_golang v1.19.0/go.mod h1:ZRM9uEAypZakd+0rd/88W4/IM7HtGFMJnb2lLFoJpH4=
github.com/prometheus/client_model v0.6.0 h1:k1v3CzpSRUTrKyppL1pLnV6ft8TS2n8FaxGuRf8vC7w=
github.com/prometheus/client_model v0.6.0/go.mod h1:NTQHnmxFpouOD0DpvP4XujX3CdOAGQPoaGhyTchlyt8=
github.com/prometheus/common v0.51.1 h1:ekY9HQ7GhH5eSt6qxGq5pAHD28seBfNMZv9UrxXkKRI=
github.com/prometheus/common v0.51.1/go.mod h1:lrWtQx+iDfn2mbH5GUzlH9TSHyfZpHkSiG1W6wh4lSw=
github.com/prometheus/procfs v0.13.0 h1:GqzLlQyfsPbaEHaQkO7tbDlriv/4o5Hudv6OXHGKX7o=
github.com/prometheus/procfs v0.13.0/go.mod h1:drqpNIFlM1RkIXZkl6S0VB0JbDP3dxB2Mxg6HVxNLnM=
github.com/redis/go-redis/v9 v9.5.5 h1:rSvPqnFcSq8pSxi0HVp2sVkuFCF6gUVKgNIXHHBR3kI=
github.com/redis/go-redis/v9 v9.5.5/go.mod h1:LqRSGkMZigBzT3UYkMHa8b8p/EtKerFXYMa1DzCK/4Q=
github.com/rs/zerolog v1.32.0 h1:keLypqEpBKd2//PLKYj6OXA1GZy3i5Z5By8ZSqCban4=
github.com/rs/zerolog v1.32.0/go.mod h1:/7mN4D5sKwJLZQ2b/znpjC3/GQWY/xaDbZyvlijf8a4=
github.com/yuin/gopher-lua v1.1.1 h1:kYKnWBjvbNP4XLT3+bPEwAXJx262OhaHDWDVOPjL46M=
github.com/yuin/gopher-lua v1.1.1/go.mod h1:GBR0iDaNXjAgGg9zfCvksxSRnQx76gclCIb7kdAd1Pw=
golang.org/x/sys v0.21.0 h1:rF+pMkSAoBkpJi7BPCqDPgXlyLL/mHJqGJWcm8JLMMU=
golang.org/x/sys v0.21.0/go.mod h1:/VUhepiaJMbufDG6MoFn4/3X+7k+Z3Bq5YrNHNVBYno=
google.golang.org/protobuf v1.34.1 h1:9ddQBjfCyZPOHPUiPxpYESBLc+T8P3E+Vo4IbKZgFWg=
google.golang.org/protobuf v1.34.1/go.mod h1:qYOHts0dSfpeUzUFpOMr/WGzszTmLH+DiWniOlNbLDw=
